
Microsoft Visual Studio Solution File, Format Version 12.00
# Visual Studio Version 16
VisualStudioVersion = 16.0.30711.63
MinimumVisualStudioVersion = 10.0.40219.1
Project("{FAE04EC0-301F-11D3-BF4B-00C04F79EFBC}") = "BlazorApp1", "BlazorApp1\BlazorApp1.csproj", "{4F85596A-3A85-496E-86D1-F537CD8EE182}"
EndProject
Global
	GlobalSection(SolutionConfigurationPlatforms) = preSolution
		Debug|Any CPU = Debug|Any CPU
		Release|Any CPU = Release|Any CPU
	EndGlobalSection
	GlobalSection(ProjectConfigurationPlatforms) = postSolution
		{4F85596A-3A85-496E-86D1-F537CD8EE182}.Debug|Any CPU.ActiveCfg = Debug|Any CPU
		{4F85596A-3A85-496E-86D1-F537CD8EE182}.Debug|Any CPU.Build.0 = Debug|Any CPU
		{4F85596A-3A85-496E-86D1-F537CD8EE182}.Release|Any CPU.ActiveCfg = Release|Any CPU
		{4F85596A-3A85-496E-86D1-F537CD8EE182}.Release|Any CPU.Build.0 = Release|Any CPU
	EndGlobalSection
	GlobalSection(SolutionProperties) = preSolution
		HideSolutionNode = FALSE
	EndGlobalSection
	GlobalSection(ExtensibilityGlobals) = postSolution
		SolutionGuid = {8B6B3FAF-C8DB-4AE6-9760-6DC7094797A3}
	EndGlobalSection
EndGlobal
